
Microsoft Visual Studio Solution File, Format Version 12.00
# Visual Studio 15
VisualStudioVersion = 15.0.27703.2042
MinimumVisualStudioVersion = 10.0.40219.1
Project("{FAE04EC0-301F-11D3-BF4B-00C04F79EFBC}") = "WebCrawler", "WebCrawler.csproj", "{983AD753-7DA5-4BC0-89BA-2D07324E24DE}"
EndProject
Global
	GlobalSection(SolutionConfigurationPlatforms) = preSolution
		Debug|Any CPU = Debug|Any CPU
		Release|Any CPU = Release|Any CPU
	EndGlobalSection
	GlobalSection(ProjectConfigurationPlatforms) = postSolution
		{983AD753-7DA5-4BC0-89BA-2D07324E24DE}.Debug|Any CPU.ActiveCfg = Debug|Any CPU
		{983AD753-7DA5-4BC0-89BA-2D07324E24DE}.Debug|Any CPU.Build.0 = Debug|Any CPU
		{983AD753-7DA5-4BC0-89BA-2D07324E24DE}.Release|Any CPU.ActiveCfg = Release|Any CPU
		{983AD753-7DA5-4BC0-89BA-2D07324E24DE}.Release|Any CPU.Build.0 = Release|Any CPU
	EndGlobalSection
	GlobalSection(SolutionProperties) = preSolution
		HideSolutionNode = FALSE
	EndGlobalSection
	GlobalSection(ExtensibilityGlobals) = postSolution
		SolutionGuid = {3FC12799-9983-4890-B315-1520C2FA7A23}
	EndGlobalSection
EndGlobal
